# This file is automatically @generated by Cargo.
# It is not intended for manual editing.
version = 4

[[package]]
name = "hound"
version = "3.5.1"
source = "registry+https://github.com/rust-lang/crates.io-index"
checksum = "62adaabb884c94955b19907d60019f4e145d091c75345379e70d1ee696f7854f"

[[package]]
name = "how-it-works"
version = "0.1.0"

[[package]]
name = "log"
version = "0.4.34"
source = "registry+https://github.com/rust-lang/crates.io-index"
checksum = "f9f8bd3e56ce4dfc153cf470fffbfa98c7620958b312ca5c3a4b8d5181fd13c6"

[[package]]
name = "noise-oxydation"
version = "0.1.0"
dependencies = [
 "log",
]

[[package]]
name = "noise-oxydation-capi"
version = "0.1.0"
dependencies = [
 "noise-oxydation",
]

[[package]]
name = "noise-oxydation-eval"
version = "0.1.0"
dependencies = [
 "hound",
 "noise-oxydation",
]
